
Microsoft Visual Studio Solution File, Format Version 12.00
# Visual Studio Version 17
VisualStudioVersion = 17.4.33205.214
MinimumVisualStudioVersion = 10.0.40219.1
Project("{9A19103F-16F7-4668-BE54-9A1E7A4F7556}") = "Snake", "Snake\Snake.csproj", "{4093EB97-E5D0-48CA-8B82-E3BEBF560352}"
EndProject
Project("{54435603-DBB4-11D2-8724-00A0C9A8B90C}") = "SetupSnake", "SetupSnake\SetupSnake.vdproj", "{D1CA2C58-A9EE-49F5-ACAD-5994E5E4F4C3}"
EndProject
Global
	GlobalSection(SolutionConfigurationPlatforms) = preSolution
		Debug|Any CPU = Debug|Any CPU
		Release|Any CPU = Release|Any CPU
	EndGlobalSection
	GlobalSection(ProjectConfigurationPlatforms) = postSolution
		{4093EB97-E5D0-48CA-8B82-E3BEBF560352}.Debug|Any CPU.ActiveCfg = Debug|Any CPU
		{4093EB97-E5D0-48CA-8B82-E3BEBF560352}.Debug|Any CPU.Build.0 = Debug|Any CPU
		{4093EB97-E5D0-48CA-8B82-E3BEBF560352}.Release|Any CPU.ActiveCfg = Release|Any CPU
		{4093EB97-E5D0-48CA-8B82-E3BEBF560352}.Release|Any CPU.Build.0 = Release|Any CPU
		{D1CA2C58-A9EE-49F5-ACAD-5994E5E4F4C3}.Debug|Any CPU.ActiveCfg = Debug
		{D1CA2C58-A9EE-49F5-ACAD-5994E5E4F4C3}.Release|Any CPU.ActiveCfg = Release
	EndGlobalSection
	GlobalSection(SolutionProperties) = preSolution
		HideSolutionNode = FALSE
	EndGlobalSection
	GlobalSection(ExtensibilityGlobals) = postSolution
		SolutionGuid = {F7FBD918-0F19-46F8-8EE5-833FBCCBA82D}
	EndGlobalSection
EndGlobal
